
Microsoft Visual Studio Solution File, Format Version 12.00
# Visual Studio 15
VisualStudioVersion = 15.0.28010.2019
MinimumVisualStudioVersion = 10.0.40219.1
Project("{151D2E53-A2C4-4D7D-83FE-D05416EBD58E}") = "SQL DWH Deployment", "SQL DWH Deployment\SQL DWH Deployment.deployproj", "{47CC2409-5EA3-4B82-95AD-6FBF52FFC9E6}"
EndProject
Global
	GlobalSection(SolutionConfigurationPlatforms) = preSolution
		Debug|Any CPU = Debug|Any CPU
		Release|Any CPU = Release|Any CPU
	EndGlobalSection
	GlobalSection(ProjectConfigurationPlatforms) = postSolution
		{47CC2409-5EA3-4B82-95AD-6FBF52FFC9E6}.Debug|Any CPU.ActiveCfg = Debug|Any CPU
		{47CC2409-5EA3-4B82-95AD-6FBF52FFC9E6}.Debug|Any CPU.Build.0 = Debug|Any CPU
		{47CC2409-5EA3-4B82-95AD-6FBF52FFC9E6}.Release|Any CPU.ActiveCfg = Release|Any CPU
		{47CC2409-5EA3-4B82-95AD-6FBF52FFC9E6}.Release|Any CPU.Build.0 = Release|Any CPU
	EndGlobalSection
	GlobalSection(SolutionProperties) = preSolution
		HideSolutionNode = FALSE
	EndGlobalSection
	GlobalSection(ExtensibilityGlobals) = postSolution
		SolutionGuid = {6C85DB04-1B2D-4114-BD0B-930D8CC09562}
	EndGlobalSection
EndGlobal
